
Microsoft Visual Studio Solution File, Format Version 12.00
# Visual Studio Version 17
VisualStudioVersion = 17.14.36109.1 d17.14
MinimumVisualStudioVersion = 10.0.40219.1
Project("{FAE04EC0-301F-11D3-BF4B-00C04F79EFBC}") = "newproject", "newproject\newproject.csproj", "{D3F203E5-8795-4102-B3F8-6F93502BC379}"
EndProject
Global
	GlobalSection(SolutionConfigurationPlatforms) = preSolution
		Debug|Any CPU = Debug|Any CPU
		Release|Any CPU = Release|Any CPU
	EndGlobalSection
	GlobalSection(ProjectConfigurationPlatforms) = postSolution
		{D3F203E5-8795-4102-B3F8-6F93502BC379}.Debug|Any CPU.ActiveCfg = Debug|Any CPU
		{D3F203E5-8795-4102-B3F8-6F93502BC379}.Debug|Any CPU.Build.0 = Debug|Any CPU
		{D3F203E5-8795-4102-B3F8-6F93502BC379}.Release|Any CPU.ActiveCfg = Release|Any CPU
		{D3F203E5-8795-4102-B3F8-6F93502BC379}.Release|Any CPU.Build.0 = Release|Any CPU
	EndGlobalSection
	GlobalSection(SolutionProperties) = preSolution
		HideSolutionNode = FALSE
	EndGlobalSection
	GlobalSection(ExtensibilityGlobals) = postSolution
		SolutionGuid = {0ADEBBA6-6818-46AB-9CC1-FA21BC751E81}
	EndGlobalSection
EndGlobal
